// !$*UTF8*$!
{
	archiveVersion = 1;
	classes = {
	};
	objectVersion = 77;
	objects = {

/* Begin PBXBuildFile section */
		143C011D8C35B25861853CA7 /* AppDelegate.swift in Sources */ = {isa = PBXBuildFile; fileRef = B03064423128889B35C9CF28 /* AppDelegate.swift */; };
		2D81F4F5523CF9F8C3628F5A /* ServerDetailViewModel.swift in Sources */ = {isa = PBXBuildFile; fileRef = 4F519D3FDDE31EBBA9FBD094 /* ServerDetailViewModel.swift */; };
		2F749B6B2158C5CBFD79023F /* NotificationService.swift in Sources */ = {isa = PBXBuildFile; fileRef = 70AB78790A35880B2E347B0C /* NotificationService.swift */; };
		35D3AAC4C42E811E623CE051 /* GlassCard.swift in Sources */ = {isa = PBXBuildFile; fileRef = 63B1C1058991EF25FFDB9214 /* GlassCard.swift */; };
		4FB7C5DEBDE4914365A404AA /* AppError.swift in Sources */ = {isa = PBXBuildFile; fileRef = ADA0896E52CA29D82776ED6D /* AppError.swift */; };
		615F44421EBEC178CD6DA8BE /* SettingsView.swift in Sources */ = {isa = PBXBuildFile; fileRef = 954A8F7BB4CAF06F4C4FAC8B /* SettingsView.swift */; };
		66236E846DDEDCE05228B66B /* SharedDataService.swift in Sources */ = {isa = PBXBuildFile; fileRef = 0D4D44486F59550DDD76DE14 /* SharedDataService.swift */; };
		67A3D889F5208035F15368D1 /* Assets.xcassets in Resources */ = {isa = PBXBuildFile; fileRef = 70BD1B2B7BD2142A8406E7A9 /* Assets.xcassets */; };
		7386C12C3DDBB395DA918652 /* NetworkStatusViewModel.swift in Sources */ = {isa = PBXBuildFile; fileRef = FF854C5B13057988704A1750 /* NetworkStatusViewModel.swift */; };
		7A5717509601FA108E9540AA /* SessionRowView.swift in Sources */ = {isa = PBXBuildFile; fileRef = 9524E6DD3BE2406CB9105002 /* SessionRowView.swift */; };
		7CB83AA2CA3C163AB752C3BD /* MainTabView.swift in Sources */ = {isa = PBXBuildFile; fileRef = 443624B65DC4CCADFD1EE246 /* MainTabView.swift */; };
		7F5C7C223AB047C1507B3BB5 /* CreditsView.swift in Sources */ = {isa = PBXBuildFile; fileRef = 0154AF3A0A3277CF4DD1810B /* CreditsView.swift */; };
		818320B73D7992A330C19A6F /* AppState.swift in Sources */ = {isa = PBXBuildFile; fileRef = 0080121FA588324D7DFBC641 /* AppState.swift */; };
		8508DF70FFD13D241A49D9DD /* ErrorBanner.swift in Sources */ = {isa = PBXBuildFile; fileRef = 1C59993F915DEBC173080E1B /* ErrorBanner.swift */; };
		90A2938D8C67CAAB4D164554 /* DashboardView.swift in Sources */ = {isa = PBXBuildFile; fileRef = 5829791130E104980FA5015B /* DashboardView.swift */; };
		92426C364194A2D7D0F7C23E /* DashboardViewModel.swift in Sources */ = {isa = PBXBuildFile; fileRef = B63DE6AC54316D3361ED6800 /* DashboardViewModel.swift */; };
		9A1C0375468300424C5C7BBA /* AirVPNModels.swift in Sources */ = {isa = PBXBuildFile; fileRef = 92C1A78987F2DFC66E94ED0D /* AirVPNModels.swift */; };
		A0709D018791E34B6E736DE9 /* AirDashApp.swift in Sources */ = {isa = PBXBuildFile; fileRef = 33BF0598269B700AFB1796B5 /* AirDashApp.swift */; };
		A1A3F74E97028B69C83F7C8C /* VPNProfileImporter.swift in Sources */ = {isa = PBXBuildFile; fileRef = 0119953FCF8E9F32C381DE26 /* VPNProfileImporter.swift */; };
		A56E8062093BF18FB8262E5C /* ServerRowView.swift in Sources */ = {isa = PBXBuildFile; fileRef = 9990ECF53539152D4D800DA4 /* ServerRowView.swift */; };
		ABA09BE0CE0A33BC544D0DDF /* ChangelogView.swift in Sources */ = {isa = PBXBuildFile; fileRef = 8C29A76A6B57325EB1D911D6 /* ChangelogView.swift */; };
		ADCDAD0D6BAFE247E2E901A9 /* CacheService.swift in Sources */ = {isa = PBXBuildFile; fileRef = 6DCE3FD365F1C4C1B120A172 /* CacheService.swift */; };
		BC107D9F0EB3C5C67958C41F /* NetworkStatusView.swift in Sources */ = {isa = PBXBuildFile; fileRef = 985DC2D13FD81A64819E7839 /* NetworkStatusView.swift */; };
		BF5A7B368F6B400FCD019C4C /* AppIntents.swift in Sources */ = {isa = PBXBuildFile; fileRef = 7EC14AA3393F48DCB105EB8C /* AppIntents.swift */; };
		C00CE7367CEFE623E4E260FF /* FlagKit in Frameworks */ = {isa = PBXBuildFile; productRef = 941CC41FEC3028E7A8CE6F3A /* FlagKit */; };
		CCCF4A5C71B62ACDEBF7F101 /* ServerDetailView.swift in Sources */ = {isa = PBXBuildFile; fileRef = C6C1C0F6204E415018B6BEC9 /* ServerDetailView.swift */; };
		CE6F6DB3BC56608E254386A6 /* RootView.swift in Sources */ = {isa = PBXBuildFile; fileRef = 18752B2FDDB8FBA7F6E81B2D /* RootView.swift */; };
		D163E9C31703CED06FEFD003 /* OnboardingViewModel.swift in Sources */ = {isa = PBXBuildFile; fileRef = 416145110A8DFDAD697AE69D /* OnboardingViewModel.swift */; };
		D7CBF1ECE2AB4F5E3C360FB6 /* AirDashWidget.appex in Embed Foundation Extensions */ = {isa = PBXBuildFile; fileRef = 249292146C138B327774E624 /* AirDashWidget.appex */; settings = {ATTRIBUTES = (RemoveHeadersOnCopy, ); }; };
		DBF33B743A1FA435539EF3A5 /* Config.swift in Sources */ = {isa = PBXBuildFile; fileRef = E74AAD368ECA15555133F557 /* Config.swift */; };
		E1CFEDF1DDF9FFB1CBA14CA5 /* Localizable.xcstrings in Resources */ = {isa = PBXBuildFile; fileRef = 303CE461B0505348B4565366 /* Localizable.xcstrings */; };
		E821090416951EB17536A2D2 /* KeychainService.swift in Sources */ = {isa = PBXBuildFile; fileRef = 4404C4BA7787F38397A8DFA2 /* KeychainService.swift */; };
		E98E2A6C659861B2E29B3042 /* SceneDelegate.swift in Sources */ = {isa = PBXBuildFile; fileRef = F47FAF483387CAA1E4B9B190 /* SceneDelegate.swift */; };
		EAF15965014F21B809B5F611 /* AirVPNAPIClient.swift in Sources */ = {isa = PBXBuildFile; fileRef = 5DFFF22BDB56399A983F02B3 /* AirVPNAPIClient.swift */; };
		EDE30E9636E2F35AF3EB4F29 /* OnboardingView.swift in Sources */ = {isa = PBXBuildFile; fileRef = 21168271896E29266FA53186 /* OnboardingView.swift */; };
		F06C7C895996D1F5BCDDE358 /* PingService.swift in Sources */ = {isa = PBXBuildFile; fileRef = BB6F2CFD8B788E011793350C /* PingService.swift */; };
		FE5BB23843A1A8CC22369F5C /* AirDashWidget.swift in Sources */ = {isa = PBXBuildFile; fileRef = 9F285DC627C712972F90E5A0 /* AirDashWidget.swift */; };
/* End PBXBuildFile section */

/* Begin PBXContainerItemProxy section */
		9D1A08357DD9AADE51339E7C /* PBXContainerItemProxy */ = {
			isa = PBXContainerItemProxy;
			containerPortal = 2E5BB36E712048436E0552DD /* Project object */;
			proxyType = 1;
			remoteGlobalIDString = 89A632F19CFCF8CEDEFEDE0C;
			remoteInfo = AirDashWidget;
		};
/* End PBXContainerItemProxy section */

/* Begin PBXCopyFilesBuildPhase section */
		563A7802F799D7E4B7A86633 /* Embed Foundation Extensions */ = {
			isa = PBXCopyFilesBuildPhase;
			buildActionMask = 2147483647;
			dstPath = "";
			dstSubfolderSpec = 13;
			files = (
				D7CBF1ECE2AB4F5E3C360FB6 /* AirDashWidget.appex in Embed Foundation Extensions */,
			);
			name = "Embed Foundation Extensions";
			runOnlyForDeploymentPostprocessing = 0;
		};
/* End PBXCopyFilesBuildPhase section */

/* Begin PBXFileReference section */
		0080121FA588324D7DFBC641 /* AppState.swift */ = {isa = PBXFileReference; lastKnownFileType = sourcecode.swift; path = AppState.swift; sourceTree = "<group>"; };
		0119953FCF8E9F32C381DE26 /* VPNProfileImporter.swift */ = {isa = PBXFileReference; lastKnownFileType = sourcecode.swift; path = VPNProfileImporter.swift; sourceTree = "<group>"; };
		0154AF3A0A3277CF4DD1810B /* CreditsView.swift */ = {isa = PBXFileReference; lastKnownFileType = sourcecode.swift; path = CreditsView.swift; sourceTree = "<group>"; };
		0D4D44486F59550DDD76DE14 /* SharedDataService.swift */ = {isa = PBXFileReference; lastKnownFileType = sourcecode.swift; path = SharedDataService.swift; sourceTree = "<group>"; };
		18752B2FDDB8FBA7F6E81B2D /* RootView.swift */ = {isa = PBXFileReference; lastKnownFileType = sourcecode.swift; path = RootView.swift; sourceTree = "<group>"; };
		1C59993F915DEBC173080E1B /* ErrorBanner.swift */ = {isa = PBXFileReference; lastKnownFileType = sourcecode.swift; path = ErrorBanner.swift; sourceTree = "<group>"; };
		21168271896E29266FA53186 /* OnboardingView.swift */ = {isa = PBXFileReference; lastKnownFileType = sourcecode.swift; path = OnboardingView.swift; sourceTree = "<group>"; };
		249292146C138B327774E624 /* AirDashWidget.appex */ = {isa = PBXFileReference; includeInIndex = 0; lastKnownFileType = "wrapper.app-extension"; path = AirDashWidget.appex; sourceTree = BUILT_PRODUCTS_DIR; };
		27B3DC80A6F58DD8453ADB96 /* AirDash.app */ = {isa = PBXFileReference; includeInIndex = 0; lastKnownFileType = wrapper.application; path = AirDash.app; sourceTree = BUILT_PRODUCTS_DIR; };
		303CE461B0505348B4565366 /* Localizable.xcstrings */ = {isa = PBXFileReference; lastKnownFileType = text.json.xcstrings; path = Localizable.xcstrings; sourceTree = "<group>"; };
		33BF0598269B700AFB1796B5 /* AirDashApp.swift */ = {isa = PBXFileReference; lastKnownFileType = sourcecode.swift; path = AirDashApp.swift; sourceTree = "<group>"; };
		3AC8E573EBDD4734B5A627B7 /* Info.plist */ = {isa = PBXFileReference; lastKnownFileType = text.plist; path = Info.plist; sourceTree = "<group>"; };
		416145110A8DFDAD697AE69D /* OnboardingViewModel.swift */ = {isa = PBXFileReference; lastKnownFileType = sourcecode.swift; path = OnboardingViewModel.swift; sourceTree = "<group>"; };
		4404C4BA7787F38397A8DFA2 /* KeychainService.swift */ = {isa = PBXFileReference; lastKnownFileType = sourcecode.swift; path = KeychainService.swift; sourceTree = "<group>"; };
		443624B65DC4CCADFD1EE246 /* MainTabView.swift */ = {isa = PBXFileReference; lastKnownFileType = sourcecode.swift; path = MainTabView.swift; sourceTree = "<group>"; };
		4F519D3FDDE31EBBA9FBD094 /* ServerDetailViewModel.swift */ = {isa = PBXFileReference; lastKnownFileType = sourcecode.swift; path = ServerDetailViewModel.swift; sourceTree = "<group>"; };
		5829791130E104980FA5015B /* DashboardView.swift */ = {isa = PBXFileReference; lastKnownFileType = sourcecode.swift; path = DashboardView.swift; sourceTree = "<group>"; };
		5DFFF22BDB56399A983F02B3 /* AirVPNAPIClient.swift */ = {isa = PBXFileReference; lastKnownFileType = sourcecode.swift; path = AirVPNAPIClient.swift; sourceTree = "<group>"; };
		63B1C1058991EF25FFDB9214 /* GlassCard.swift */ = {isa = PBXFileReference; lastKnownFileType = sourcecode.swift; path = GlassCard.swift; sourceTree = "<group>"; };
		6DCE3FD365F1C4C1B120A172 /* CacheService.swift */ = {isa = PBXFileReference; lastKnownFileType = sourcecode.swift; path = CacheService.swift; sourceTree = "<group>"; };
		70AB78790A35880B2E347B0C /* NotificationService.swift */ = {isa = PBXFileReference; lastKnownFileType = sourcecode.swift; path = NotificationService.swift; sourceTree = "<group>"; };
		70BD1B2B7BD2142A8406E7A9 /* Assets.xcassets */ = {isa = PBXFileReference; lastKnownFileType = folder.assetcatalog; path = Assets.xcassets; sourceTree = "<group>"; };
		7EC14AA3393F48DCB105EB8C /* AppIntents.swift */ = {isa = PBXFileReference; lastKnownFileType = sourcecode.swift; path = AppIntents.swift; sourceTree = "<group>"; };
		8C29A76A6B57325EB1D911D6 /* ChangelogView.swift */ = {isa = PBXFileReference; lastKnownFileType = sourcecode.swift; path = ChangelogView.swift; sourceTree = "<group>"; };
		92C1A78987F2DFC66E94ED0D /* AirVPNModels.swift */ = {isa = PBXFileReference; lastKnownFileType = sourcecode.swift; path = AirVPNModels.swift; sourceTree = "<group>"; };
		9524E6DD3BE2406CB9105002 /* SessionRowView.swift */ = {isa = PBXFileReference; lastKnownFileType = sourcecode.swift; path = SessionRowView.swift; sourceTree = "<group>"; };
		954A8F7BB4CAF06F4C4FAC8B /* SettingsView.swift */ = {isa = PBXFileReference; lastKnownFileType = sourcecode.swift; path = SettingsView.swift; sourceTree = "<group>"; };
		985DC2D13FD81A64819E7839 /* NetworkStatusView.swift */ = {isa = PBXFileReference; lastKnownFileType = sourcecode.swift; path = NetworkStatusView.swift; sourceTree = "<group>"; };
		9990ECF53539152D4D800DA4 /* ServerRowView.swift */ = {isa = PBXFileReference; lastKnownFileType = sourcecode.swift; path = ServerRowView.swift; sourceTree = "<group>"; };
		9F285DC627C712972F90E5A0 /* AirDashWidget.swift */ = {isa = PBXFileReference; lastKnownFileType = sourcecode.swift; path = AirDashWidget.swift; sourceTree = "<group>"; };
		A5AADD7F7B8C70299D115FD7 /* AirDash.entitlements */ = {isa = PBXFileReference; lastKnownFileType = text.plist.entitlements; path = AirDash.entitlements; sourceTree = "<group>"; };
		ADA0896E52CA29D82776ED6D /* AppError.swift */ = {isa = PBXFileReference; lastKnownFileType = sourcecode.swift; path = AppError.swift; sourceTree = "<group>"; };
		B03064423128889B35C9CF28 /* AppDelegate.swift */ = {isa = PBXFileReference; lastKnownFileType = sourcecode.swift; path = AppDelegate.swift; sourceTree = "<group>"; };
		B63DE6AC54316D3361ED6800 /* DashboardViewModel.swift */ = {isa = PBXFileReference; lastKnownFileType = sourcecode.swift; path = DashboardViewModel.swift; sourceTree = "<group>"; };
		BB6F2CFD8B788E011793350C /* PingService.swift */ = {isa = PBXFileReference; lastKnownFileType = sourcecode.swift; path = PingService.swift; sourceTree = "<group>"; };
		C6C1C0F6204E415018B6BEC9 /* ServerDetailView.swift */ = {isa = PBXFileReference; lastKnownFileType = sourcecode.swift; path = ServerDetailView.swift; sourceTree = "<group>"; };
		E74AAD368ECA15555133F557 /* Config.swift */ = {isa = PBXFileReference; lastKnownFileType = sourcecode.swift; path = Config.swift; sourceTree = "<group>"; };
		E882EE80A48DDF944EBD5DD5 /* AirDashWidget.entitlements */ = {isa = PBXFileReference; lastKnownFileType = text.plist.entitlements; path = AirDashWidget.entitlements; sourceTree = "<group>"; };
		F319DAF14E48BA66D48F94F7 /* Info.plist */ = {isa = PBXFileReference; lastKnownFileType = text.plist; path = Info.plist; sourceTree = "<group>"; };
		F47FAF483387CAA1E4B9B190 /* SceneDelegate.swift */ = {isa = PBXFileReference; lastKnownFileType = sourcecode.swift; path = SceneDelegate.swift; sourceTree = "<group>"; };
		FF854C5B13057988704A1750 /* NetworkStatusViewModel.swift */ = {isa = PBXFileReference; lastKnownFileType = sourcecode.swift; path = NetworkStatusViewModel.swift; sourceTree = "<group>"; };
/* End PBXFileReference section */

/* Begin PBXFrameworksBuildPhase section */
		164D007FAAD840692E4689D0 /* Frameworks */ = {
			isa = PBXFrameworksBuildPhase;
			buildActionMask = 2147483647;
			files = (
				C00CE7367CEFE623E4E260FF /* FlagKit in Frameworks */,
			);
			runOnlyForDeploymentPostprocessing = 0;
		};
/* End PBXFrameworksBuildPhase section */

/* Begin PBXGroup section */
		00A8D0624CE435401EBC9776 = {
			isa = PBXGroup;
			children = (
				AE364D8FA6CD72E2FC6CAE5B /* AirDash */,
				5718AE93B279F9CFE449E6E1 /* AirDashWidget */,
				E6C6C05951B3EB0688468BB5 /* Products */,
			);
			sourceTree = "<group>";
		};
		02D74F93FEADF0ACF8CF12CF /* Dashboard */ = {
			isa = PBXGroup;
			children = (
				5829791130E104980FA5015B /* DashboardView.swift */,
				9524E6DD3BE2406CB9105002 /* SessionRowView.swift */,
			);
			path = Dashboard;
			sourceTree = "<group>";
		};
		0B39F429A4261EF5DEB66649 /* Settings */ = {
			isa = PBXGroup;
			children = (
				8C29A76A6B57325EB1D911D6 /* ChangelogView.swift */,
				0154AF3A0A3277CF4DD1810B /* CreditsView.swift */,
				954A8F7BB4CAF06F4C4FAC8B /* SettingsView.swift */,
			);
			path = Settings;
			sourceTree = "<group>";
		};
		0E4C8CD818E723471717B992 /* Supporting */ = {
			isa = PBXGroup;
			children = (
				A5AADD7F7B8C70299D115FD7 /* AirDash.entitlements */,
				E74AAD368ECA15555133F557 /* Config.swift */,
				F319DAF14E48BA66D48F94F7 /* Info.plist */,
			);
			path = Supporting;
			sourceTree = "<group>";
		};
		237E3CE865FADD2050F4FFAB /* Services */ = {
			isa = PBXGroup;
			children = (
				6DCE3FD365F1C4C1B120A172 /* CacheService.swift */,
				4404C4BA7787F38397A8DFA2 /* KeychainService.swift */,
				70AB78790A35880B2E347B0C /* NotificationService.swift */,
				BB6F2CFD8B788E011793350C /* PingService.swift */,
				0D4D44486F59550DDD76DE14 /* SharedDataService.swift */,
				0119953FCF8E9F32C381DE26 /* VPNProfileImporter.swift */,
			);
			path = Services;
			sourceTree = "<group>";
		};
		2C98C434DB982C3C1733510B /* Models */ = {
			isa = PBXGroup;
			children = (
				92C1A78987F2DFC66E94ED0D /* AirVPNModels.swift */,
				ADA0896E52CA29D82776ED6D /* AppError.swift */,
			);
			path = Models;
			sourceTree = "<group>";
		};
		324DCB4B8FBEC7D4EEAA8D8B /* App */ = {
			isa = PBXGroup;
			children = (
				33BF0598269B700AFB1796B5 /* AirDashApp.swift */,
				B03064423128889B35C9CF28 /* AppDelegate.swift */,
				0080121FA588324D7DFBC641 /* AppState.swift */,
				443624B65DC4CCADFD1EE246 /* MainTabView.swift */,
				18752B2FDDB8FBA7F6E81B2D /* RootView.swift */,
				F47FAF483387CAA1E4B9B190 /* SceneDelegate.swift */,
			);
			path = App;
			sourceTree = "<group>";
		};
		3C75C78FBDC0844129AB671A /* Components */ = {
			isa = PBXGroup;
			children = (
				1C59993F915DEBC173080E1B /* ErrorBanner.swift */,
				63B1C1058991EF25FFDB9214 /* GlassCard.swift */,
			);
			path = Components;
			sourceTree = "<group>";
		};
		55DB3EC919468D4204CA874C /* Views */ = {
			isa = PBXGroup;
			children = (
				3C75C78FBDC0844129AB671A /* Components */,
				02D74F93FEADF0ACF8CF12CF /* Dashboard */,
				D2302F316A76AA8378C917AC /* NetworkStatus */,
				592BD2C428C128E221EC5F0B /* Onboarding */,
				F987E549FF292C57444E5860 /* ServerDetail */,
				0B39F429A4261EF5DEB66649 /* Settings */,
			);
			path = Views;
			sourceTree = "<group>";
		};
		5718AE93B279F9CFE449E6E1 /* AirDashWidget */ = {
			isa = PBXGroup;
			children = (
				E882EE80A48DDF944EBD5DD5 /* AirDashWidget.entitlements */,
				9F285DC627C712972F90E5A0 /* AirDashWidget.swift */,
				3AC8E573EBDD4734B5A627B7 /* Info.plist */,
			);
			path = AirDashWidget;
			sourceTree = "<group>";
		};
		592BD2C428C128E221EC5F0B /* Onboarding */ = {
			isa = PBXGroup;
			children = (
				21168271896E29266FA53186 /* OnboardingView.swift */,
			);
			path = Onboarding;
			sourceTree = "<group>";
		};
		76859F3823A2018D7CCC2E31 /* Resources */ = {
			isa = PBXGroup;
			children = (
				70BD1B2B7BD2142A8406E7A9 /* Assets.xcassets */,
				303CE461B0505348B4565366 /* Localizable.xcstrings */,
			);
			path = Resources;
			sourceTree = "<group>";
		};
		84839045E8D0805252BB2A04 /* Intents */ = {
			isa = PBXGroup;
			children = (
				7EC14AA3393F48DCB105EB8C /* AppIntents.swift */,
			);
			path = Intents;
			sourceTree = "<group>";
		};
		AE364D8FA6CD72E2FC6CAE5B /* AirDash */ = {
			isa = PBXGroup;
			children = (
				324DCB4B8FBEC7D4EEAA8D8B /* App */,
				84839045E8D0805252BB2A04 /* Intents */,
				2C98C434DB982C3C1733510B /* Models */,
				AF299ACA56EA534D7052C43F /* Networking */,
				76859F3823A2018D7CCC2E31 /* Resources */,
				237E3CE865FADD2050F4FFAB /* Services */,
				0E4C8CD818E723471717B992 /* Supporting */,
				C6C884F77516FF8F2F9E6780 /* ViewModels */,
				55DB3EC919468D4204CA874C /* Views */,
			);
			path = AirDash;
			sourceTree = "<group>";
		};
		AF299ACA56EA534D7052C43F /* Networking */ = {
			isa = PBXGroup;
			children = (
				5DFFF22BDB56399A983F02B3 /* AirVPNAPIClient.swift */,
			);
			path = Networking;
			sourceTree = "<group>";
		};
		C6C884F77516FF8F2F9E6780 /* ViewModels */ = {
			isa = PBXGroup;
			children = (
				B63DE6AC54316D3361ED6800 /* DashboardViewModel.swift */,
				FF854C5B13057988704A1750 /* NetworkStatusViewModel.swift */,
				416145110A8DFDAD697AE69D /* OnboardingViewModel.swift */,
				4F519D3FDDE31EBBA9FBD094 /* ServerDetailViewModel.swift */,
			);
			path = ViewModels;
			sourceTree = "<group>";
		};
		D2302F316A76AA8378C917AC /* NetworkStatus */ = {
			isa = PBXGroup;
			children = (
				985DC2D13FD81A64819E7839 /* NetworkStatusView.swift */,
				9990ECF53539152D4D800DA4 /* ServerRowView.swift */,
			);
			path = NetworkStatus;
			sourceTree = "<group>";
		};
		E6C6C05951B3EB0688468BB5 /* Products */ = {
			isa = PBXGroup;
			children = (
				27B3DC80A6F58DD8453ADB96 /* AirDash.app */,
				249292146C138B327774E624 /* AirDashWidget.appex */,
			);
			name = Products;
			sourceTree = "<group>";
		};
		F987E549FF292C57444E5860 /* ServerDetail */ = {
			isa = PBXGroup;
			children = (
				C6C1C0F6204E415018B6BEC9 /* ServerDetailView.swift */,
			);
			path = ServerDetail;
			sourceTree = "<group>";
		};
/* End PBXGroup section */

/* Begin PBXNativeTarget section */
		89A632F19CFCF8CEDEFEDE0C /* AirDashWidget */ = {
			isa = PBXNativeTarget;
			buildConfigurationList = C25CC2050884E32DAE0FAFBF /* Build configuration list for PBXNativeTarget "AirDashWidget" */;
			buildPhases = (
				1610B666C1E64D474460B90F /* Sources */,
			);
			buildRules = (
			);
			dependencies = (
			);
			name = AirDashWidget;
			packageProductDependencies = (
			);
			productName = AirDashWidget;
			productReference = 249292146C138B327774E624 /* AirDashWidget.appex */;
			productType = "com.apple.product-type.app-extension";
		};
		F9AD1F5B2E828F7B4F5690CB /* AirDash */ = {
			isa = PBXNativeTarget;
			buildConfigurationList = 36374DAE6C560CE2037EF578 /* Build configuration list for PBXNativeTarget "AirDash" */;
			buildPhases = (
				C3BD657F2930147714D7F23C /* Sources */,
				3F06AA2AE5D3C260025A0420 /* Resources */,
				164D007FAAD840692E4689D0 /* Frameworks */,
				563A7802F799D7E4B7A86633 /* Embed Foundation Extensions */,
			);
			buildRules = (
			);
			dependencies = (
				6B299B5F400E78A99674DE06 /* PBXTargetDependency */,
			);
			name = AirDash;
			packageProductDependencies = (
				941CC41FEC3028E7A8CE6F3A /* FlagKit */,
			);
			productName = AirDash;
			productReference = 27B3DC80A6F58DD8453ADB96 /* AirDash.app */;
			productType = "com.apple.product-type.application";
		};
/* End PBXNativeTarget section */

/* Begin PBXProject section */
		2E5BB36E712048436E0552DD /* Project object */ = {
			isa = PBXProject;
			attributes = {
				BuildIndependentTargetsInParallel = YES;
				LastUpgradeCheck = 1600;
				TargetAttributes = {
					89A632F19CFCF8CEDEFEDE0C = {
						DevelopmentTeam = "";
						ProvisioningStyle = Automatic;
					};
					F9AD1F5B2E828F7B4F5690CB = {
						DevelopmentTeam = "";
						ProvisioningStyle = Automatic;
					};
				};
			};
			buildConfigurationList = CB26FB62DFB55D927F5A28EC /* Build configuration list for PBXProject "AirDash" */;
			developmentRegion = en;
			hasScannedForEncodings = 0;
			knownRegions = (
				en,
				fr,
			);
			mainGroup = 00A8D0624CE435401EBC9776;
			minimizedProjectReferenceProxies = 1;
			packageReferences = (
				756BCC801099ED4C2BCB41BF /* XCRemoteSwiftPackageReference "FlagKit" */,
			);
			preferredProjectObjectVersion = 77;
			productRefGroup = E6C6C05951B3EB0688468BB5 /* Products */;
			projectDirPath = "";
			projectRoot = "";
			targets = (
				F9AD1F5B2E828F7B4F5690CB /* AirDash */,
				89A632F19CFCF8CEDEFEDE0C /* AirDashWidget */,
			);
		};
/* End PBXProject section */

/* Begin PBXResourcesBuildPhase section */
		3F06AA2AE5D3C260025A0420 /* Resources */ = {
			isa = PBXResourcesBuildPhase;
			buildActionMask = 2147483647;
			files = (
				67A3D889F5208035F15368D1 /* Assets.xcassets in Resources */,
				E1CFEDF1DDF9FFB1CBA14CA5 /* Localizable.xcstrings in Resources */,
			);
			runOnlyForDeploymentPostprocessing = 0;
		};
/* End PBXResourcesBuildPhase section */

/* Begin PBXSourcesBuildPhase section */
		1610B666C1E64D474460B90F /* Sources */ = {
			isa = PBXSourcesBuildPhase;
			buildActionMask = 2147483647;
			files = (
				FE5BB23843A1A8CC22369F5C /* AirDashWidget.swift in Sources */,
			);
			runOnlyForDeploymentPostprocessing = 0;
		};
		C3BD657F2930147714D7F23C /* Sources */ = {
			isa = PBXSourcesBuildPhase;
			buildActionMask = 2147483647;
			files = (
				A0709D018791E34B6E736DE9 /* AirDashApp.swift in Sources */,
				EAF15965014F21B809B5F611 /* AirVPNAPIClient.swift in Sources */,
				9A1C0375468300424C5C7BBA /* AirVPNModels.swift in Sources */,
				143C011D8C35B25861853CA7 /* AppDelegate.swift in Sources */,
				4FB7C5DEBDE4914365A404AA /* AppError.swift in Sources */,
				BF5A7B368F6B400FCD019C4C /* AppIntents.swift in Sources */,
				818320B73D7992A330C19A6F /* AppState.swift in Sources */,
				ADCDAD0D6BAFE247E2E901A9 /* CacheService.swift in Sources */,
				ABA09BE0CE0A33BC544D0DDF /* ChangelogView.swift in Sources */,
				DBF33B743A1FA435539EF3A5 /* Config.swift in Sources */,
				7F5C7C223AB047C1507B3BB5 /* CreditsView.swift in Sources */,
				90A2938D8C67CAAB4D164554 /* DashboardView.swift in Sources */,
				92426C364194A2D7D0F7C23E /* DashboardViewModel.swift in Sources */,
				8508DF70FFD13D241A49D9DD /* ErrorBanner.swift in Sources */,
				35D3AAC4C42E811E623CE051 /* GlassCard.swift in Sources */,
				E821090416951EB17536A2D2 /* KeychainService.swift in Sources */,
				7CB83AA2CA3C163AB752C3BD /* MainTabView.swift in Sources */,
				BC107D9F0EB3C5C67958C41F /* NetworkStatusView.swift in Sources */,
				7386C12C3DDBB395DA918652 /* NetworkStatusViewModel.swift in Sources */,
				2F749B6B2158C5CBFD79023F /* NotificationService.swift in Sources */,
				EDE30E9636E2F35AF3EB4F29 /* OnboardingView.swift in Sources */,
				D163E9C31703CED06FEFD003 /* OnboardingViewModel.swift in Sources */,
				F06C7C895996D1F5BCDDE358 /* PingService.swift in Sources */,
				CE6F6DB3BC56608E254386A6 /* RootView.swift in Sources */,
				E98E2A6C659861B2E29B3042 /* SceneDelegate.swift in Sources */,
				CCCF4A5C71B62ACDEBF7F101 /* ServerDetailView.swift in Sources */,
				2D81F4F5523CF9F8C3628F5A /* ServerDetailViewModel.swift in Sources */,
				A56E8062093BF18FB8262E5C /* ServerRowView.swift in Sources */,
				7A5717509601FA108E9540AA /* SessionRowView.swift in Sources */,
				615F44421EBEC178CD6DA8BE /* SettingsView.swift in Sources */,
				66236E846DDEDCE05228B66B /* SharedDataService.swift in Sources */,
				A1A3F74E97028B69C83F7C8C /* VPNProfileImporter.swift in Sources */,
			);
			runOnlyForDeploymentPostprocessing = 0;
		};
/* End PBXSourcesBuildPhase section */

/* Begin PBXTargetDependency section */
		6B299B5F400E78A99674DE06 /* PBXTargetDependency */ = {
			isa = PBXTargetDependency;
			target = 89A632F19CFCF8CEDEFEDE0C /* AirDashWidget */;
			targetProxy = 9D1A08357DD9AADE51339E7C /* PBXContainerItemProxy */;
		};
/* End PBXTargetDependency section */

/* Begin XCBuildConfiguration section */
		5A1464ECD77422511736E8FD /* Debug */ = {
			isa = XCBuildConfiguration;
			buildSettings = {
				ASSETCATALOG_COMPILER_APPICON_NAME = AppIcon;
				CODE_SIGN_ENTITLEMENTS = AirDash/Supporting/AirDash.entitlements;
				CODE_SIGN_IDENTITY = "iPhone Developer";
				INFOPLIST_FILE = AirDash/Supporting/Info.plist;
				INFOPLIST_KEY_UIApplicationSceneManifest_Generation = YES;
				INFOPLIST_KEY_UILaunchScreen_Generation = YES;
				INFOPLIST_KEY_UISupportedInterfaceOrientations_iPad = "UIInterfaceOrientationPortrait UIInterfaceOrientationPortraitUpsideDown UIInterfaceOrientationLandscapeLeft UIInterfaceOrientationLandscapeRight";
				INFOPLIST_KEY_UISupportedInterfaceOrientations_iPhone = "UIInterfaceOrientationPortrait UIInterfaceOrientationLandscapeLeft UIInterfaceOrientationLandscapeRight";
				IPHONEOS_DEPLOYMENT_TARGET = 26.0;
				LD_RUNPATH_SEARCH_PATHS = (
					"$(inherited)",
					"@executable_path/Frameworks",
				);
				SDKROOT = iphoneos;
				TARGETED_DEVICE_FAMILY = "1,2";
			};
			name = Debug;
		};
		69D8D679E2B3089BB7E6B371 /* Release */ = {
			isa = XCBuildConfiguration;
			buildSettings = {
				CODE_SIGN_ENTITLEMENTS = AirDashWidget/AirDashWidget.entitlements;
				CODE_SIGN_STYLE = Automatic;
				DEVELOPMENT_TEAM = "";
				INFOPLIST_FILE = AirDashWidget/Info.plist;
				IPHONEOS_DEPLOYMENT_TARGET = 26.0;
				LD_RUNPATH_SEARCH_PATHS = (
					"$(inherited)",
					"@executable_path/Frameworks",
					"@executable_path/../../Frameworks",
				);
				PRODUCT_BUNDLE_IDENTIFIER = com.airdash.ios.widget;
				SDKROOT = iphoneos;
				SWIFT_STRICT_CONCURRENCY = targeted;
				SWIFT_VERSION = 6.0;
				TARGETED_DEVICE_FAMILY = "1,2";
			};
			name = Release;
		};
		B372AA2F09FF1A894CFAB908 /* Release */ = {
			isa = XCBuildConfiguration;
			buildSettings = {
				ASSETCATALOG_COMPILER_APPICON_NAME = AppIcon;
				CODE_SIGN_ENTITLEMENTS = AirDash/Supporting/AirDash.entitlements;
				CODE_SIGN_IDENTITY = "iPhone Developer";
				INFOPLIST_FILE = AirDash/Supporting/Info.plist;
				INFOPLIST_KEY_UIApplicationSceneManifest_Generation = YES;
				INFOPLIST_KEY_UILaunchScreen_Generation = YES;
				INFOPLIST_KEY_UISupportedInterfaceOrientations_iPad = "UIInterfaceOrientationPortrait UIInterfaceOrientationPortraitUpsideDown UIInterfaceOrientationLandscapeLeft UIInterfaceOrientationLandscapeRight";
				INFOPLIST_KEY_UISupportedInterfaceOrientations_iPhone = "UIInterfaceOrientationPortrait UIInterfaceOrientationLandscapeLeft UIInterfaceOrientationLandscapeRight";
				IPHONEOS_DEPLOYMENT_TARGET = 26.0;
				LD_RUNPATH_SEARCH_PATHS = (
					"$(inherited)",
					"@executable_path/Frameworks",
				);
				SDKROOT = iphoneos;
				TARGETED_DEVICE_FAMILY = "1,2";
			};
			name = Release;
		};
		BC9652631B1F7D7BDC8DE92B /* Release */ = {
			isa = XCBuildConfiguration;
			buildSettings = {
				ALWAYS_SEARCH_USER_PATHS = NO;
				CLANG_ANALYZER_NONNULL = YES;
				CLANG_ANALYZER_NUMBER_OBJECT_CONVERSION = YES_AGGRESSIVE;
				CLANG_CXX_LANGUAGE_STANDARD = "gnu++14";
				CLANG_CXX_LIBRARY = "libc++";
				CLANG_ENABLE_MODULES = YES;
				CLANG_ENABLE_OBJC_ARC = YES;
				CLANG_ENABLE_OBJC_WEAK = YES;
				CLANG_WARN_BLOCK_CAPTURE_AUTORELEASING = YES;
				CLANG_WARN_BOOL_CONVERSION = YES;
				CLANG_WARN_COMMA = YES;
				CLANG_WARN_CONSTANT_CONVERSION = YES;
				CLANG_WARN_DEPRECATED_OBJC_IMPLEMENTATIONS = YES;
				CLANG_WARN_DIRECT_OBJC_ISA_USAGE = YES_ERROR;
				CLANG_WARN_DOCUMENTATION_COMMENTS = YES;
				CLANG_WARN_EMPTY_BODY = YES;
				CLANG_WARN_ENUM_CONVERSION = YES;
				CLANG_WARN_INFINITE_RECURSION = YES;
				CLANG_WARN_INT_CONVERSION = YES;
				CLANG_WARN_NON_LITERAL_NULL_CONVERSION = YES;
				CLANG_WARN_OBJC_IMPLICIT_RETAIN_SELF = YES;
				CLANG_WARN_OBJC_LITERAL_CONVERSION = YES;
				CLANG_WARN_OBJC_ROOT_CLASS = YES_ERROR;
				CLANG_WARN_QUOTED_INCLUDE_IN_FRAMEWORK_HEADER = YES;
				CLANG_WARN_RANGE_LOOP_ANALYSIS = YES;
				CLANG_WARN_STRICT_PROTOTYPES = YES;
				CLANG_WARN_SUSPICIOUS_MOVE = YES;
				CLANG_WARN_UNGUARDED_AVAILABILITY = YES_AGGRESSIVE;
				CLANG_WARN_UNREACHABLE_CODE = YES;
				CLANG_WARN__DUPLICATE_METHOD_MATCH = YES;
				CODE_SIGN_STYLE = Automatic;
				COPY_PHASE_STRIP = NO;
				CURRENT_PROJECT_VERSION = 1;
				DEBUG_INFORMATION_FORMAT = "dwarf-with-dsym";
				DEVELOPMENT_TEAM = "";
				ENABLE_NS_ASSERTIONS = NO;
				ENABLE_STRICT_OBJC_MSGSEND = YES;
				GCC_C_LANGUAGE_STANDARD = gnu11;
				GCC_NO_COMMON_BLOCKS = YES;
				GCC_WARN_64_TO_32_BIT_CONVERSION = YES;
				GCC_WARN_ABOUT_RETURN_TYPE = YES_ERROR;
				GCC_WARN_UNDECLARED_SELECTOR = YES;
				GCC_WARN_UNINITIALIZED_AUTOS = YES_AGGRESSIVE;
				GCC_WARN_UNUSED_FUNCTION = YES;
				GCC_WARN_UNUSED_VARIABLE = YES;
				INFOPLIST_FILE = AirDash/Supporting/Info.plist;
				IPHONEOS_DEPLOYMENT_TARGET = 26.0;
				MARKETING_VERSION = 1.0.1;
				MTL_ENABLE_DEBUG_INFO = NO;
				MTL_FAST_MATH = YES;
				OTHER_SWIFT_FLAGS = "";
				PRODUCT_BUNDLE_IDENTIFIER = com.airdash.ios;
				PRODUCT_NAME = "$(TARGET_NAME)";
				SDKROOT = iphoneos;
				SWIFT_COMPILATION_MODE = wholemodule;
				SWIFT_OPTIMIZATION_LEVEL = "-O";
				SWIFT_STRICT_CONCURRENCY = targeted;
				SWIFT_VERSION = 6.0;
			};
			name = Release;
		};
		C55C6834A15CBB7B8E7FBD5F /* Debug */ = {
			isa = XCBuildConfiguration;
			buildSettings = {
				ALWAYS_SEARCH_USER_PATHS = NO;
				CLANG_ANALYZER_NONNULL = YES;
				CLANG_ANALYZER_NUMBER_OBJECT_CONVERSION = YES_AGGRESSIVE;
				CLANG_CXX_LANGUAGE_STANDARD = "gnu++14";
				CLANG_CXX_LIBRARY = "libc++";
				CLANG_ENABLE_MODULES = YES;
				CLANG_ENABLE_OBJC_ARC = YES;
				CLANG_ENABLE_OBJC_WEAK = YES;
				CLANG_WARN_BLOCK_CAPTURE_AUTORELEASING = YES;
				CLANG_WARN_BOOL_CONVERSION = YES;
				CLANG_WARN_COMMA = YES;
				CLANG_WARN_CONSTANT_CONVERSION = YES;
				CLANG_WARN_DEPRECATED_OBJC_IMPLEMENTATIONS = YES;
				CLANG_WARN_DIRECT_OBJC_ISA_USAGE = YES_ERROR;
				CLANG_WARN_DOCUMENTATION_COMMENTS = YES;
				CLANG_WARN_EMPTY_BODY = YES;
				CLANG_WARN_ENUM_CONVERSION = YES;
				CLANG_WARN_INFINITE_RECURSION = YES;
				CLANG_WARN_INT_CONVERSION = YES;
				CLANG_WARN_NON_LITERAL_NULL_CONVERSION = YES;
				CLANG_WARN_OBJC_IMPLICIT_RETAIN_SELF = YES;
				CLANG_WARN_OBJC_LITERAL_CONVERSION = YES;
				CLANG_WARN_OBJC_ROOT_CLASS = YES_ERROR;
				CLANG_WARN_QUOTED_INCLUDE_IN_FRAMEWORK_HEADER = YES;
				CLANG_WARN_RANGE_LOOP_ANALYSIS = YES;
				CLANG_WARN_STRICT_PROTOTYPES = YES;
				CLANG_WARN_SUSPICIOUS_MOVE = YES;
				CLANG_WARN_UNGUARDED_AVAILABILITY = YES_AGGRESSIVE;
				CLANG_WARN_UNREACHABLE_CODE = YES;
				CLANG_WARN__DUPLICATE_METHOD_MATCH = YES;
				CODE_SIGN_STYLE = Automatic;
				COPY_PHASE_STRIP = NO;
				CURRENT_PROJECT_VERSION = 1;
				DEBUG_INFORMATION_FORMAT = dwarf;
				DEVELOPMENT_TEAM = "";
				ENABLE_STRICT_OBJC_MSGSEND = YES;
				ENABLE_TESTABILITY = YES;
				GCC_C_LANGUAGE_STANDARD = gnu11;
				GCC_DYNAMIC_NO_PIC = NO;
				GCC_NO_COMMON_BLOCKS = YES;
				GCC_OPTIMIZATION_LEVEL = 0;
				GCC_PREPROCESSOR_DEFINITIONS = (
					"$(inherited)",
					"DEBUG=1",
				);
				GCC_WARN_64_TO_32_BIT_CONVERSION = YES;
				GCC_WARN_ABOUT_RETURN_TYPE = YES_ERROR;
				GCC_WARN_UNDECLARED_SELECTOR = YES;
				GCC_WARN_UNINITIALIZED_AUTOS = YES_AGGRESSIVE;
				GCC_WARN_UNUSED_FUNCTION = YES;
				GCC_WARN_UNUSED_VARIABLE = YES;
				INFOPLIST_FILE = AirDash/Supporting/Info.plist;
				IPHONEOS_DEPLOYMENT_TARGET = 26.0;
				MARKETING_VERSION = 1.0.1;
				MTL_ENABLE_DEBUG_INFO = INCLUDE_SOURCE;
				MTL_FAST_MATH = YES;
				ONLY_ACTIVE_ARCH = YES;
				OTHER_SWIFT_FLAGS = "";
				PRODUCT_BUNDLE_IDENTIFIER = com.airdash.ios;
				PRODUCT_NAME = "$(TARGET_NAME)";
				SDKROOT = iphoneos;
				SWIFT_ACTIVE_COMPILATION_CONDITIONS = DEBUG;
				SWIFT_OPTIMIZATION_LEVEL = "-Onone";
				SWIFT_STRICT_CONCURRENCY = targeted;
				SWIFT_VERSION = 6.0;
			};
			name = Debug;
		};
		E3FB8F0B1A9E28D81EDBA155 /* Debug */ = {
			isa = XCBuildConfiguration;
			buildSettings = {
				CODE_SIGN_ENTITLEMENTS = AirDashWidget/AirDashWidget.entitlements;
				CODE_SIGN_STYLE = Automatic;
				DEVELOPMENT_TEAM = "";
				INFOPLIST_FILE = AirDashWidget/Info.plist;
				IPHONEOS_DEPLOYMENT_TARGET = 26.0;
				LD_RUNPATH_SEARCH_PATHS = (
					"$(inherited)",
					"@executable_path/Frameworks",
					"@executable_path/../../Frameworks",
				);
				PRODUCT_BUNDLE_IDENTIFIER = com.airdash.ios.widget;
				SDKROOT = iphoneos;
				SWIFT_STRICT_CONCURRENCY = targeted;
				SWIFT_VERSION = 6.0;
				TARGETED_DEVICE_FAMILY = "1,2";
			};
			name = Debug;
		};
/* End XCBuildConfiguration section */

/* Begin XCConfigurationList section */
		36374DAE6C560CE2037EF578 /* Build configuration list for PBXNativeTarget "AirDash" */ = {
			isa = XCConfigurationList;
			buildConfigurations = (
				5A1464ECD77422511736E8FD /* Debug */,
				B372AA2F09FF1A894CFAB908 /* Release */,
			);
			defaultConfigurationIsVisible = 0;
			defaultConfigurationName = Debug;
		};
		C25CC2050884E32DAE0FAFBF /* Build configuration list for PBXNativeTarget "AirDashWidget" */ = {
			isa = XCConfigurationList;
			buildConfigurations = (
				E3FB8F0B1A9E28D81EDBA155 /* Debug */,
				69D8D679E2B3089BB7E6B371 /* Release */,
			);
			defaultConfigurationIsVisible = 0;
			defaultConfigurationName = Debug;
		};
		CB26FB62DFB55D927F5A28EC /* Build configuration list for PBXProject "AirDash" */ = {
			isa = XCConfigurationList;
			buildConfigurations = (
				C55C6834A15CBB7B8E7FBD5F /* Debug */,
				BC9652631B1F7D7BDC8DE92B /* Release */,
			);
			defaultConfigurationIsVisible = 0;
			defaultConfigurationName = Debug;
		};
/* End XCConfigurationList section */

/* Begin XCRemoteSwiftPackageReference section */
		756BCC801099ED4C2BCB41BF /* XCRemoteSwiftPackageReference "FlagKit" */ = {
			isa = XCRemoteSwiftPackageReference;
			repositoryURL = "https://github.com/madebybowtie/FlagKit.git";
			requirement = {
				kind = upToNextMajorVersion;
				minimumVersion = 2.4.0;
			};
		};
/* End XCRemoteSwiftPackageReference section */

/* Begin XCSwiftPackageProductDependency section */
		941CC41FEC3028E7A8CE6F3A /* FlagKit */ = {
			isa = XCSwiftPackageProductDependency;
			package = 756BCC801099ED4C2BCB41BF /* XCRemoteSwiftPackageReference "FlagKit" */;
			productName = FlagKit;
		};
/* End XCSwiftPackageProductDependency section */
	};
	rootObject = 2E5BB36E712048436E0552DD /* Project object */;
}
